
Microsoft Visual Studio Solution File, Format Version 12.00
# Visual Studio Version 16
VisualStudioVersion = 16.0.32901.82
MinimumVisualStudioVersion = 10.0.40219.1
Project("{00D1A9C2-B5F0-4AF3-8072-F6C62B433612}") = "testdbautonew", "testdbautonew.sqlproj", "{C2433F51-3A5D-44BD-AA40-4B28C2F44A57}"
EndProject
Global
	GlobalSection(SolutionConfigurationPlatforms) = preSolution
		Debug|Any CPU = Debug|Any CPU
		Release|Any CPU = Release|Any CPU
	EndGlobalSection
	GlobalSection(ProjectConfigurationPlatforms) = postSolution
		{C2433F51-3A5D-44BD-AA40-4B28C2F44A57}.Debug|Any CPU.ActiveCfg = Debug|Any CPU
		{C2433F51-3A5D-44BD-AA40-4B28C2F44A57}.Debug|Any CPU.Build.0 = Debug|Any CPU
		{C2433F51-3A5D-44BD-AA40-4B28C2F44A57}.Debug|Any CPU.Deploy.0 = Debug|Any CPU
		{C2433F51-3A5D-44BD-AA40-4B28C2F44A57}.Release|Any CPU.ActiveCfg = Release|Any CPU
		{C2433F51-3A5D-44BD-AA40-4B28C2F44A57}.Release|Any CPU.Build.0 = Release|Any CPU
		{C2433F51-3A5D-44BD-AA40-4B28C2F44A57}.Release|Any CPU.Deploy.0 = Release|Any CPU
	EndGlobalSection
	GlobalSection(SolutionProperties) = preSolution
		HideSolutionNode = FALSE
	EndGlobalSection
	GlobalSection(ExtensibilityGlobals) = postSolution
		SolutionGuid = {E7695774-7BA6-420C-B880-73E2AFA287E1}
	EndGlobalSection
EndGlobal
